
Microsoft Visual Studio Solution File, Format Version 12.00
# Visual Studio Version 17
VisualStudioVersion = 17.13.35931.197 d17.13
MinimumVisualStudioVersion = 10.0.40219.1
Project("{FAE04EC0-301F-11D3-BF4B-00C04F79EFBC}") = "dotnet-sdk", "dotnet-sdk.csproj", "{63AD5A42-DBD9-4EE0-8EB8-C6EA3CDCCA28}"
EndProject
Global
	GlobalSection(SolutionConfigurationPlatforms) = preSolution
		Debug|Any CPU = Debug|Any CPU
		Release|Any CPU = Release|Any CPU
	EndGlobalSection
	GlobalSection(ProjectConfigurationPlatforms) = postSolution
		{63AD5A42-DBD9-4EE0-8EB8-C6EA3CDCCA28}.Debug|Any CPU.ActiveCfg = Debug|Any CPU
		{63AD5A42-DBD9-4EE0-8EB8-C6EA3CDCCA28}.Debug|Any CPU.Build.0 = Debug|Any CPU
		{63AD5A42-DBD9-4EE0-8EB8-C6EA3CDCCA28}.Release|Any CPU.ActiveCfg = Release|Any CPU
		{63AD5A42-DBD9-4EE0-8EB8-C6EA3CDCCA28}.Release|Any CPU.Build.0 = Release|Any CPU
	EndGlobalSection
	GlobalSection(SolutionProperties) = preSolution
		HideSolutionNode = FALSE
	EndGlobalSection
	GlobalSection(ExtensibilityGlobals) = postSolution
		SolutionGuid = {32045340-3A63-4D64-BD36-50F1EB7B4E23}
	EndGlobalSection
EndGlobal
